
Microsoft Visual Studio Solution File, Format Version 12.00
# Visual Studio Version 17
VisualStudioVersion = 17.14.36109.1
MinimumVisualStudioVersion = 10.0.40219.1
Project("{FAE04EC0-301F-11D3-BF4B-00C04F79EFBC}") = "DVLD_DesktopClient", "DVLD_DesktopClient.csproj", "{5BBB9439-E352-476C-BEDA-94C7C9B6634C}"
EndProject
Global
	GlobalSection(SolutionConfigurationPlatforms) = preSolution
		Debug|Any CPU = Debug|Any CPU
		Release|Any CPU = Release|Any CPU
	EndGlobalSection
	GlobalSection(ProjectConfigurationPlatforms) = postSolution
		{5BBB9439-E352-476C-BEDA-94C7C9B6634C}.Debug|Any CPU.ActiveCfg = Debug|Any CPU
		{5BBB9439-E352-476C-BEDA-94C7C9B6634C}.Debug|Any CPU.Build.0 = Debug|Any CPU
		{5BBB9439-E352-476C-BEDA-94C7C9B6634C}.Release|Any CPU.ActiveCfg = Release|Any CPU
		{5BBB9439-E352-476C-BEDA-94C7C9B6634C}.Release|Any CPU.Build.0 = Release|Any CPU
	EndGlobalSection
	GlobalSection(SolutionProperties) = preSolution
		HideSolutionNode = FALSE
	EndGlobalSection
	GlobalSection(ExtensibilityGlobals) = postSolution
		SolutionGuid = {C0736823-52E0-49EA-B491-283607010913}
	EndGlobalSection
EndGlobal
