
Microsoft Visual Studio Solution File, Format Version 12.00
# Visual Studio Version 17
VisualStudioVersion = 17.14.36109.1
MinimumVisualStudioVersion = 10.0.40219.1
Project("{FAE04EC0-301F-11D3-BF4B-00C04F79EFBC}") = "DVLD_API", "DVLD_API.csproj", "{EB21FCDE-9E0F-47BB-AE08-7B902EA401D3}"
EndProject
Project("{FAE04EC0-301F-11D3-BF4B-00C04F79EFBC}") = "DVLD_DataAccessLayer", "..\DVLD_DataAccessLayer\DVLD_DataAccessLayer.csproj", "{9C5D81D0-A4B3-4DC9-9841-3BCBEDA2849C}"
EndProject
Project("{FAE04EC0-301F-11D3-BF4B-00C04F79EFBC}") = "DVLD_BusinessLayer", "..\DVLD_BusinessLayer\DVLD_BusinessLayer.csproj", "{973D1AC0-5FE4-4C0C-92CB-E55A743C27DF}"
EndProject
Project("{2150E333-8FDC-42A3-9474-1A3956D46DE8}") = "FrontTotest", "FrontTotest", "{02EA681E-C7D8-13C7-8484-4AC65E1B71E8}"
EndProject
Project("{FAE04EC0-301F-11D3-BF4B-00C04F79EFBC}") = "testing", "..\testing\testing.csproj", "{9428ABD0-BF53-4C2C-806C-D50A53490961}"
EndProject
Project("{FAE04EC0-301F-11D3-BF4B-00C04F79EFBC}") = "DVLD_SharedModels", "..\DVLD_SharedModels\DVLD_SharedModels.csproj", "{5FE3EF63-9FCE-46A9-8DAC-CC4AF508CAE5}"
EndProject
Project("{FAE04EC0-301F-11D3-BF4B-00C04F79EFBC}") = "DVLD_DataAccessLayer_EF", "..\DVLD_DataAccessLayer_EF\DVLD_DataAccessLayer_EF.csproj", "{57434F1C-794A-4CC7-ADAC-185B27EA6D53}"
EndProject
Global
	GlobalSection(SolutionConfigurationPlatforms) = preSolution
		Debug|Any CPU = Debug|Any CPU
		Release|Any CPU = Release|Any CPU
	EndGlobalSection
	GlobalSection(ProjectConfigurationPlatforms) = postSolution
		{EB21FCDE-9E0F-47BB-AE08-7B902EA401D3}.Debug|Any CPU.ActiveCfg = Debug|Any CPU
		{EB21FCDE-9E0F-47BB-AE08-7B902EA401D3}.Debug|Any CPU.Build.0 = Debug|Any CPU
		{EB21FCDE-9E0F-47BB-AE08-7B902EA401D3}.Release|Any CPU.ActiveCfg = Release|Any CPU
		{EB21FCDE-9E0F-47BB-AE08-7B902EA401D3}.Release|Any CPU.Build.0 = Release|Any CPU
		{9C5D81D0-A4B3-4DC9-9841-3BCBEDA2849C}.Debug|Any CPU.ActiveCfg = Debug|Any CPU
		{9C5D81D0-A4B3-4DC9-9841-3BCBEDA2849C}.Debug|Any CPU.Build.0 = Debug|Any CPU
		{9C5D81D0-A4B3-4DC9-9841-3BCBEDA2849C}.Release|Any CPU.ActiveCfg = Release|Any CPU
		{9C5D81D0-A4B3-4DC9-9841-3BCBEDA2849C}.Release|Any CPU.Build.0 = Release|Any CPU
		{973D1AC0-5FE4-4C0C-92CB-E55A743C27DF}.Debug|Any CPU.ActiveCfg = Debug|Any CPU
		{973D1AC0-5FE4-4C0C-92CB-E55A743C27DF}.Debug|Any CPU.Build.0 = Debug|Any CPU
		{973D1AC0-5FE4-4C0C-92CB-E55A743C27DF}.Release|Any CPU.ActiveCfg = Release|Any CPU
		{973D1AC0-5FE4-4C0C-92CB-E55A743C27DF}.Release|Any CPU.Build.0 = Release|Any CPU
		{9428ABD0-BF53-4C2C-806C-D50A53490961}.Debug|Any CPU.ActiveCfg = Debug|Any CPU
		{9428ABD0-BF53-4C2C-806C-D50A53490961}.Debug|Any CPU.Build.0 = Debug|Any CPU
		{9428ABD0-BF53-4C2C-806C-D50A53490961}.Release|Any CPU.ActiveCfg = Release|Any CPU
		{9428ABD0-BF53-4C2C-806C-D50A53490961}.Release|Any CPU.Build.0 = Release|Any CPU
		{5FE3EF63-9FCE-46A9-8DAC-CC4AF508CAE5}.Debug|Any CPU.ActiveCfg = Debug|Any CPU
		{5FE3EF63-9FCE-46A9-8DAC-CC4AF508CAE5}.Debug|Any CPU.Build.0 = Debug|Any CPU
		{5FE3EF63-9FCE-46A9-8DAC-CC4AF508CAE5}.Release|Any CPU.ActiveCfg = Release|Any CPU
		{5FE3EF63-9FCE-46A9-8DAC-CC4AF508CAE5}.Release|Any CPU.Build.0 = Release|Any CPU
		{57434F1C-794A-4CC7-ADAC-185B27EA6D53}.Debug|Any CPU.ActiveCfg = Debug|Any CPU
		{57434F1C-794A-4CC7-ADAC-185B27EA6D53}.Debug|Any CPU.Build.0 = Debug|Any CPU
		{57434F1C-794A-4CC7-ADAC-185B27EA6D53}.Release|Any CPU.ActiveCfg = Release|Any CPU
		{57434F1C-794A-4CC7-ADAC-185B27EA6D53}.Release|Any CPU.Build.0 = Release|Any CPU
	EndGlobalSection
	GlobalSection(SolutionProperties) = preSolution
		HideSolutionNode = FALSE
	EndGlobalSection
	GlobalSection(NestedProjects) = preSolution
		{9428ABD0-BF53-4C2C-806C-D50A53490961} = {02EA681E-C7D8-13C7-8484-4AC65E1B71E8}
	EndGlobalSection
	GlobalSection(ExtensibilityGlobals) = postSolution
		SolutionGuid = {3E652A2C-279B-49FC-9B04-B50C25FE3169}
	EndGlobalSection
EndGlobal
